
Microsoft Visual Studio Solution File, Format Version 12.00
# Visual Studio Version 16
VisualStudioVersion = 16.0.31829.152
MinimumVisualStudioVersion = 10.0.40219.1
Project("{9A19103F-16F7-4668-BE54-9A1E7A4F7556}") = "FoundWordInside", "FoundWorldInside\FoundWordInside.csproj", "{EE921E76-C3D1-4CE1-9AFC-96E4CCA91A41}"
EndProject
Global
	GlobalSection(SolutionConfigurationPlatforms) = preSolution
		Debug|Any CPU = Debug|Any CPU
		Release|Any CPU = Release|Any CPU
	EndGlobalSection
	GlobalSection(ProjectConfigurationPlatforms) = postSolution
		{EE921E76-C3D1-4CE1-9AFC-96E4CCA91A41}.Debug|Any CPU.ActiveCfg = Debug|Any CPU
		{EE921E76-C3D1-4CE1-9AFC-96E4CCA91A41}.Debug|Any CPU.Build.0 = Debug|Any CPU
		{EE921E76-C3D1-4CE1-9AFC-96E4CCA91A41}.Release|Any CPU.ActiveCfg = Release|Any CPU
		{EE921E76-C3D1-4CE1-9AFC-96E4CCA91A41}.Release|Any CPU.Build.0 = Release|Any CPU
	EndGlobalSection
	GlobalSection(SolutionProperties) = preSolution
		HideSolutionNode = FALSE
	EndGlobalSection
	GlobalSection(ExtensibilityGlobals) = postSolution
		SolutionGuid = {6748B2BA-3F49-47B3-BB0D-7660DA13869C}
	EndGlobalSection
EndGlobal
